// !$*UTF8*$!
{
	archiveVersion = 1;
	classes = {
	};
	objectVersion = 77;
	objects = {

/* Begin PBXBuildFile section */
		D83D419F2D07D838004E34D7 /* Highcharts in Frameworks */ = {isa = PBXBuildFile; productRef = D83D419E2D07D838004E34D7 /* Highcharts */; };
		D83D41A22D07D8F1004E34D7 /* Alamofire in Frameworks */ = {isa = PBXBuildFile; productRef = D83D41A12D07D8F1004E34D7 /* Alamofire */; };
		D8E58D1D2CF2CA07002C9E59 /* SwiftyJSON in Frameworks */ = {isa = PBXBuildFile; productRef = D8E58D1C2CF2CA07002C9E59 /* SwiftyJSON */; };
		D8EFCD172D092E910041F5A5 /* SwiftSpinner in Frameworks */ = {isa = PBXBuildFile; productRef = D8EFCD162D092E910041F5A5 /* SwiftSpinner */; };
/* End PBXBuildFile section */

/* Begin PBXContainerItemProxy section */
		D8E58CFA2CF29D28002C9E59 /* PBXContainerItemProxy */ = {
			isa = PBXContainerItemProxy;
			containerPortal = D8E58CE12CF29D26002C9E59 /* Project object */;
			proxyType = 1;
			remoteGlobalIDString = D8E58CE82CF29D26002C9E59;
			remoteInfo = WeatherAppAssg4;
		};
		D8E58D042CF29D29002C9E59 /* PBXContainerItemProxy */ = {
			isa = PBXContainerItemProxy;
			containerPortal = D8E58CE12CF29D26002C9E59 /* Project object */;
			proxyType = 1;
			remoteGlobalIDString = D8E58CE82CF29D26002C9E59;
			remoteInfo = WeatherAppAssg4;
		};
/* End PBXContainerItemProxy section */

/* Begin PBXFileReference section */
		D8E58CE92CF29D26002C9E59 /* WeatherAppAssg4.app */ = {isa = PBXFileReference; explicitFileType = wrapper.application; includeInIndex = 0; path = WeatherAppAssg4.app; sourceTree = BUILT_PRODUCTS_DIR; };
		D8E58CF92CF29D28002C9E59 /* WeatherAppAssg4Tests.xctest */ = {isa = PBXFileReference; explicitFileType = wrapper.cfbundle; includeInIndex = 0; path = WeatherAppAssg4Tests.xctest; sourceTree = BUILT_PRODUCTS_DIR; };
		D8E58D032CF29D29002C9E59 /* WeatherAppAssg4UITests.xctest */ = {isa = PBXFileReference; explicitFileType = wrapper.cfbundle; includeInIndex = 0; path = WeatherAppAssg4UITests.xctest; sourceTree = BUILT_PRODUCTS_DIR; };
/* End PBXFileReference section */

/* Begin PBXFileSystemSynchronizedRootGroup section */
		D8E58CEB2CF29D26002C9E59 /* WeatherAppAssg4 */ = {
			isa = PBXFileSystemSynchronizedRootGroup;
			path = WeatherAppAssg4;
			sourceTree = "<group>";
		};
		D8E58CFC2CF29D29002C9E59 /* WeatherAppAssg4Tests */ = {
			isa = PBXFileSystemSynchronizedRootGroup;
			path = WeatherAppAssg4Tests;
			sourceTree = "<group>";
		};
		D8E58D062CF29D29002C9E59 /* WeatherAppAssg4UITests */ = {
			isa = PBXFileSystemSynchronizedRootGroup;
			path = WeatherAppAssg4UITests;
			sourceTree = "<group>";
		};
/* End PBXFileSystemSynchronizedRootGroup section */

/* Begin PBXFrameworksBuildPhase section */
		D8E58CE62CF29D26002C9E59 /* Frameworks */ = {
			isa = PBXFrameworksBuildPhase;
			buildActionMask = 2147483647;
			files = (
				D8EFCD172D092E910041F5A5 /* SwiftSpinner in Frameworks */,
				D83D41A22D07D8F1004E34D7 /* Alamofire in Frameworks */,
				D8E58D1D2CF2CA07002C9E59 /* SwiftyJSON in Frameworks */,
				D83D419F2D07D838004E34D7 /* Highcharts in Frameworks */,
			);
			runOnlyForDeploymentPostprocessing = 0;
		};
		D8E58CF62CF29D28002C9E59 /* Frameworks */ = {
			isa = PBXFrameworksBuildPhase;
			buildActionMask = 2147483647;
			files = (
			);
			runOnlyForDeploymentPostprocessing = 0;
		};
		D8E58D002CF29D29002C9E59 /* Frameworks */ = {
			isa = PBXFrameworksBuildPhase;
			buildActionMask = 2147483647;
			files = (
			);
			runOnlyForDeploymentPostprocessing = 0;
		};
/* End PBXFrameworksBuildPhase section */

/* Begin PBXGroup section */
		D8E58CE02CF29D26002C9E59 = {
			isa = PBXGroup;
			children = (
				D8E58CEB2CF29D26002C9E59 /* WeatherAppAssg4 */,
				D8E58CFC2CF29D29002C9E59 /* WeatherAppAssg4Tests */,
				D8E58D062CF29D29002C9E59 /* WeatherAppAssg4UITests */,
				D8E58CEA2CF29D26002C9E59 /* Products */,
			);
			sourceTree = "<group>";
		};
		D8E58CEA2CF29D26002C9E59 /* Products */ = {
			isa = PBXGroup;
			children = (
				D8E58CE92CF29D26002C9E59 /* WeatherAppAssg4.app */,
				D8E58CF92CF29D28002C9E59 /* WeatherAppAssg4Tests.xctest */,
				D8E58D032CF29D29002C9E59 /* WeatherAppAssg4UITests.xctest */,
			);
			name = Products;
			sourceTree = "<group>";
		};
/* End PBXGroup section */

/* Begin PBXNativeTarget section */
		D8E58CE82CF29D26002C9E59 /* WeatherAppAssg4 */ = {
			isa = PBXNativeTarget;
			buildConfigurationList = D8E58D0D2CF29D29002C9E59 /* Build configuration list for PBXNativeTarget "WeatherAppAssg4" */;
			buildPhases = (
				D8E58CE52CF29D26002C9E59 /* Sources */,
				D8E58CE62CF29D26002C9E59 /* Frameworks */,
				D8E58CE72CF29D26002C9E59 /* Resources */,
			);
			buildRules = (
			);
			dependencies = (
			);
			fileSystemSynchronizedGroups = (
				D8E58CEB2CF29D26002C9E59 /* WeatherAppAssg4 */,
			);
			name = WeatherAppAssg4;
			packageProductDependencies = (
				D8E58D1C2CF2CA07002C9E59 /* SwiftyJSON */,
				D83D419E2D07D838004E34D7 /* Highcharts */,
				D83D41A12D07D8F1004E34D7 /* Alamofire */,
				D8EFCD162D092E910041F5A5 /* SwiftSpinner */,
			);
			productName = WeatherAppAssg4;
			productReference = D8E58CE92CF29D26002C9E59 /* WeatherAppAssg4.app */;
			productType = "com.apple.product-type.application";
		};
		D8E58CF82CF29D28002C9E59 /* WeatherAppAssg4Tests */ = {
			isa = PBXNativeTarget;
			buildConfigurationList = D8E58D102CF29D29002C9E59 /* Build configuration list for PBXNativeTarget "WeatherAppAssg4Tests" */;
			buildPhases = (
				D8E58CF52CF29D28002C9E59 /* Sources */,
				D8E58CF62CF29D28002C9E59 /* Frameworks */,
				D8E58CF72CF29D28002C9E59 /* Resources */,
			);
			buildRules = (
			);
			dependencies = (
				D8E58CFB2CF29D28002C9E59 /* PBXTargetDependency */,
			);
			fileSystemSynchronizedGroups = (
				D8E58CFC2CF29D29002C9E59 /* WeatherAppAssg4Tests */,
			);
			name = WeatherAppAssg4Tests;
			packageProductDependencies = (
			);
			productName = WeatherAppAssg4Tests;
			productReference = D8E58CF92CF29D28002C9E59 /* WeatherAppAssg4Tests.xctest */;
			productType = "com.apple.product-type.bundle.unit-test";
		};
		D8E58D022CF29D29002C9E59 /* WeatherAppAssg4UITests */ = {
			isa = PBXNativeTarget;
			buildConfigurationList = D8E58D132CF29D29002C9E59 /* Build configuration list for PBXNativeTarget "WeatherAppAssg4UITests" */;
			buildPhases = (
				D8E58CFF2CF29D29002C9E59 /* Sources */,
				D8E58D002CF29D29002C9E59 /* Frameworks */,
				D8E58D012CF29D29002C9E59 /* Resources */,
			);
			buildRules = (
			);
			dependencies = (
				D8E58D052CF29D29002C9E59 /* PBXTargetDependency */,
			);
			fileSystemSynchronizedGroups = (
				D8E58D062CF29D29002C9E59 /* WeatherAppAssg4UITests */,
			);
			name = WeatherAppAssg4UITests;
			packageProductDependencies = (
			);
			productName = WeatherAppAssg4UITests;
			productReference = D8E58D032CF29D29002C9E59 /* WeatherAppAssg4UITests.xctest */;
			productType = "com.apple.product-type.bundle.ui-testing";
		};
/* End PBXNativeTarget section */

/* Begin PBXProject section */
		D8E58CE12CF29D26002C9E59 /* Project object */ = {
			isa = PBXProject;
			attributes = {
				BuildIndependentTargetsInParallel = 1;
				LastSwiftUpdateCheck = 1610;
				LastUpgradeCheck = 1610;
				TargetAttributes = {
					D8E58CE82CF29D26002C9E59 = {
						CreatedOnToolsVersion = 16.1;
					};
					D8E58CF82CF29D28002C9E59 = {
						CreatedOnToolsVersion = 16.1;
						TestTargetID = D8E58CE82CF29D26002C9E59;
					};
					D8E58D022CF29D29002C9E59 = {
						CreatedOnToolsVersion = 16.1;
						TestTargetID = D8E58CE82CF29D26002C9E59;
					};
				};
			};
			buildConfigurationList = D8E58CE42CF29D26002C9E59 /* Build configuration list for PBXProject "WeatherAppAssg4" */;
			developmentRegion = en;
			hasScannedForEncodings = 0;
			knownRegions = (
				en,
				Base,
			);
			mainGroup = D8E58CE02CF29D26002C9E59;
			minimizedProjectReferenceProxies = 1;
			packageReferences = (
				D8E58D1B2CF2CA07002C9E59 /* XCRemoteSwiftPackageReference "SwiftyJSON" */,
				D83D419D2D07D838004E34D7 /* XCRemoteSwiftPackageReference "highcharts-ios" */,
				D83D41A02D07D8F1004E34D7 /* XCRemoteSwiftPackageReference "Alamofire" */,
				D8EFCD152D092E910041F5A5 /* XCRemoteSwiftPackageReference "SwiftSpinner" */,
			);
			preferredProjectObjectVersion = 77;
			productRefGroup = D8E58CEA2CF29D26002C9E59 /* Products */;
			projectDirPath = "";
			projectRoot = "";
			targets = (
				D8E58CE82CF29D26002C9E59 /* WeatherAppAssg4 */,
				D8E58CF82CF29D28002C9E59 /* WeatherAppAssg4Tests */,
				D8E58D022CF29D29002C9E59 /* WeatherAppAssg4UITests */,
			);
		};
/* End PBXProject section */

/* Begin PBXResourcesBuildPhase section */
		D8E58CE72CF29D26002C9E59 /* Resources */ = {
			isa = PBXResourcesBuildPhase;
			buildActionMask = 2147483647;
			files = (
			);
			runOnlyForDeploymentPostprocessing = 0;
		};
		D8E58CF72CF29D28002C9E59 /* Resources */ = {
			isa = PBXResourcesBuildPhase;
			buildActionMask = 2147483647;
			files = (
			);
			runOnlyForDeploymentPostprocessing = 0;
		};
		D8E58D012CF29D29002C9E59 /* Resources */ = {
			isa = PBXResourcesBuildPhase;
			buildActionMask = 2147483647;
			files = (
			);
			runOnlyForDeploymentPostprocessing = 0;
		};
/* End PBXResourcesBuildPhase section */

/* Begin PBXSourcesBuildPhase section */
		D8E58CE52CF29D26002C9E59 /* Sources */ = {
			isa = PBXSourcesBuildPhase;
			buildActionMask = 2147483647;
			files = (
			);
			runOnlyForDeploymentPostprocessing = 0;
		};
		D8E58CF52CF29D28002C9E59 /* Sources */ = {
			isa = PBXSourcesBuildPhase;
			buildActionMask = 2147483647;
			files = (
			);
			runOnlyForDeploymentPostprocessing = 0;
		};
		D8E58CFF2CF29D29002C9E59 /* Sources */ = {
			isa = PBXSourcesBuildPhase;
			buildActionMask = 2147483647;
			files = (
			);
			runOnlyForDeploymentPostprocessing = 0;
		};
/* End PBXSourcesBuildPhase section */

/* Begin PBXTargetDependency section */
		D8E58CFB2CF29D28002C9E59 /* PBXTargetDependency */ = {
			isa = PBXTargetDependency;
			target = D8E58CE82CF29D26002C9E59 /* WeatherAppAssg4 */;
			targetProxy = D8E58CFA2CF29D28002C9E59 /* PBXContainerItemProxy */;
		};
		D8E58D052CF29D29002C9E59 /* PBXTargetDependency */ = {
			isa = PBXTargetDependency;
			target = D8E58CE82CF29D26002C9E59 /* WeatherAppAssg4 */;
			targetProxy = D8E58D042CF29D29002C9E59 /* PBXContainerItemProxy */;
		};
/* End PBXTargetDependency section */

/* Begin XCBuildConfiguration section */
		D8E58D0B2CF29D29002C9E59 /* Debug */ = {
			isa = XCBuildConfiguration;
			buildSettings = {
				ALWAYS_SEARCH_USER_PATHS = NO;
				ASSETCATALOG_COMPILER_GENERATE_SWIFT_ASSET_SYMBOL_EXTENSIONS = YES;
				CLANG_ANALYZER_NONNULL = YES;
				CLANG_ANALYZER_NUMBER_OBJECT_CONVERSION = YES_AGGRESSIVE;
				CLANG_CXX_LANGUAGE_STANDARD = "gnu++20";
				CLANG_ENABLE_MODULES = YES;
				CLANG_ENABLE_OBJC_ARC = YES;
				CLANG_ENABLE_OBJC_WEAK = YES;
				CLANG_WARN_BLOCK_CAPTURE_AUTORELEASING = YES;
				CLANG_WARN_BOOL_CONVERSION = YES;
				CLANG_WARN_COMMA = YES;
				CLANG_WARN_CONSTANT_CONVERSION = YES;
				CLANG_WARN_DEPRECATED_OBJC_IMPLEMENTATIONS = YES;
				CLANG_WARN_DIRECT_OBJC_ISA_USAGE = YES_ERROR;
				CLANG_WARN_DOCUMENTATION_COMMENTS = YES;
				CLANG_WARN_EMPTY_BODY = YES;
				CLANG_WARN_ENUM_CONVERSION = YES;
				CLANG_WARN_INFINITE_RECURSION = YES;
				CLANG_WARN_INT_CONVERSION = YES;
				CLANG_WARN_NON_LITERAL_NULL_CONVERSION = YES;
				CLANG_WARN_OBJC_IMPLICIT_RETAIN_SELF = YES;
				CLANG_WARN_OBJC_LITERAL_CONVERSION = YES;
				CLANG_WARN_OBJC_ROOT_CLASS = YES_ERROR;
				CLANG_WARN_QUOTED_INCLUDE_IN_FRAMEWORK_HEADER = YES;
				CLANG_WARN_RANGE_LOOP_ANALYSIS = YES;
				CLANG_WARN_STRICT_PROTOTYPES = YES;
				CLANG_WARN_SUSPICIOUS_MOVE = YES;
				CLANG_WARN_UNGUARDED_AVAILABILITY = YES_AGGRESSIVE;
				CLANG_WARN_UNREACHABLE_CODE = YES;
				CLANG_WARN__DUPLICATE_METHOD_MATCH = YES;
				COPY_PHASE_STRIP = NO;
				DEBUG_INFORMATION_FORMAT = dwarf;
				ENABLE_STRICT_OBJC_MSGSEND = YES;
				ENABLE_TESTABILITY = YES;
				ENABLE_USER_SCRIPT_SANDBOXING = YES;
				GCC_C_LANGUAGE_STANDARD = gnu17;
				GCC_DYNAMIC_NO_PIC = NO;
				GCC_NO_COMMON_BLOCKS = YES;
				GCC_OPTIMIZATION_LEVEL = 0;
				GCC_PREPROCESSOR_DEFINITIONS = (
					"DEBUG=1",
					"$(inherited)",
				);
				GCC_WARN_64_TO_32_BIT_CONVERSION = YES;
				GCC_WARN_ABOUT_RETURN_TYPE = YES_ERROR;
				GCC_WARN_UNDECLARED_SELECTOR = YES;
				GCC_WARN_UNINITIALIZED_AUTOS = YES_AGGRESSIVE;
				GCC_WARN_UNUSED_FUNCTION = YES;
				GCC_WARN_UNUSED_VARIABLE = YES;
				IPHONEOS_DEPLOYMENT_TARGET = 18.1;
				LOCALIZATION_PREFERS_STRING_CATALOGS = YES;
				MTL_ENABLE_DEBUG_INFO = INCLUDE_SOURCE;
				MTL_FAST_MATH = YES;
				ONLY_ACTIVE_ARCH = YES;
				SDKROOT = iphoneos;
				SWIFT_ACTIVE_COMPILATION_CONDITIONS = "DEBUG $(inherited)";
				SWIFT_OPTIMIZATION_LEVEL = "-Onone";
			};
			name = Debug;
		};
		D8E58D0C2CF29D29002C9E59 /* Release */ = {
			isa = XCBuildConfiguration;
			buildSettings = {
				ALWAYS_SEARCH_USER_PATHS = NO;
				ASSETCATALOG_COMPILER_GENERATE_SWIFT_ASSET_SYMBOL_EXTENSIONS = YES;
				CLANG_ANALYZER_NONNULL = YES;
				CLANG_ANALYZER_NUMBER_OBJECT_CONVERSION = YES_AGGRESSIVE;
				CLANG_CXX_LANGUAGE_STANDARD = "gnu++20";
				CLANG_ENABLE_MODULES = YES;
				CLANG_ENABLE_OBJC_ARC = YES;
				CLANG_ENABLE_OBJC_WEAK = YES;
				CLANG_WARN_BLOCK_CAPTURE_AUTORELEASING = YES;
				CLANG_WARN_BOOL_CONVERSION = YES;
				CLANG_WARN_COMMA = YES;
				CLANG_WARN_CONSTANT_CONVERSION = YES;
				CLANG_WARN_DEPRECATED_OBJC_IMPLEMENTATIONS = YES;
				CLANG_WARN_DIRECT_OBJC_ISA_USAGE = YES_ERROR;
				CLANG_WARN_DOCUMENTATION_COMMENTS = YES;
				CLANG_WARN_EMPTY_BODY = YES;
				CLANG_WARN_ENUM_CONVERSION = YES;
				CLANG_WARN_INFINITE_RECURSION = YES;
				CLANG_WARN_INT_CONVERSION = YES;
				CLANG_WARN_NON_LITERAL_NULL_CONVERSION = YES;
				CLANG_WARN_OBJC_IMPLICIT_RETAIN_SELF = YES;
				CLANG_WARN_OBJC_LITERAL_CONVERSION = YES;
				CLANG_WARN_OBJC_ROOT_CLASS = YES_ERROR;
				CLANG_WARN_QUOTED_INCLUDE_IN_FRAMEWORK_HEADER = YES;
				CLANG_WARN_RANGE_LOOP_ANALYSIS = YES;
				CLANG_WARN_STRICT_PROTOTYPES = YES;
				CLANG_WARN_SUSPICIOUS_MOVE = YES;
				CLANG_WARN_UNGUARDED_AVAILABILITY = YES_AGGRESSIVE;
				CLANG_WARN_UNREACHABLE_CODE = YES;
				CLANG_WARN__DUPLICATE_METHOD_MATCH = YES;
				COPY_PHASE_STRIP = NO;
				DEBUG_INFORMATION_FORMAT = "dwarf-with-dsym";
				ENABLE_NS_ASSERTIONS = NO;
				ENABLE_STRICT_OBJC_MSGSEND = YES;
				ENABLE_USER_SCRIPT_SANDBOXING = YES;
				GCC_C_LANGUAGE_STANDARD = gnu17;
				GCC_NO_COMMON_BLOCKS = YES;
				GCC_WARN_64_TO_32_BIT_CONVERSION = YES;
				GCC_WARN_ABOUT_RETURN_TYPE = YES_ERROR;
				GCC_WARN_UNDECLARED_SELECTOR = YES;
				GCC_WARN_UNINITIALIZED_AUTOS = YES_AGGRESSIVE;
				GCC_WARN_UNUSED_FUNCTION = YES;
				GCC_WARN_UNUSED_VARIABLE = YES;
				IPHONEOS_DEPLOYMENT_TARGET = 18.1;
				LOCALIZATION_PREFERS_STRING_CATALOGS = YES;
				MTL_ENABLE_DEBUG_INFO = NO;
				MTL_FAST_MATH = YES;
				SDKROOT = iphoneos;
				SWIFT_COMPILATION_MODE = wholemodule;
				VALIDATE_PRODUCT = YES;
			};
			name = Release;
		};
		D8E58D0E2CF29D29002C9E59 /* Debug */ = {
			isa = XCBuildConfiguration;
			buildSettings = {
				ASSETCATALOG_COMPILER_APPICON_NAME = AppIcon;
				ASSETCATALOG_COMPILER_GLOBAL_ACCENT_COLOR_NAME = AccentColor;
				CODE_SIGN_STYLE = Automatic;
				CURRENT_PROJECT_VERSION = 1;
				DEVELOPMENT_ASSET_PATHS = "\"WeatherAppAssg4/Preview Content\"";
				ENABLE_PREVIEWS = YES;
				GENERATE_INFOPLIST_FILE = YES;
				INFOPLIST_KEY_NSLocationAlwaysUsageDescription = "We need your location to show weather data.";
				INFOPLIST_KEY_NSLocationWhenInUseUsageDescription = "We need your location to show weather data.";
				INFOPLIST_KEY_UIApplicationSceneManifest_Generation = YES;
				INFOPLIST_KEY_UIApplicationSupportsIndirectInputEvents = YES;
				INFOPLIST_KEY_UILaunchScreen_Generation = YES;
				INFOPLIST_KEY_UISupportedInterfaceOrientations_iPad = "UIInterfaceOrientationPortrait UIInterfaceOrientationPortraitUpsideDown UIInterfaceOrientationLandscapeLeft UIInterfaceOrientationLandscapeRight";
				INFOPLIST_KEY_UISupportedInterfaceOrientations_iPhone = "UIInterfaceOrientationPortrait UIInterfaceOrientationLandscapeLeft UIInterfaceOrientationLandscapeRight";
				LD_RUNPATH_SEARCH_PATHS = (
					"$(inherited)",
					"@executable_path/Frameworks",
				);
				MARKETING_VERSION = 1.0;
				PRODUCT_BUNDLE_IDENTIFIER = com.webtech.WeatherAppAssg4.WeatherAppAssg4;
				PRODUCT_NAME = "$(TARGET_NAME)";
				SWIFT_EMIT_LOC_STRINGS = YES;
				SWIFT_VERSION = 5.0;
				TARGETED_DEVICE_FAMILY = "1,2";
			};
			name = Debug;
		};
		D8E58D0F2CF29D29002C9E59 /* Release */ = {
			isa = XCBuildConfiguration;
			buildSettings = {
				ASSETCATALOG_COMPILER_APPICON_NAME = AppIcon;
				ASSETCATALOG_COMPILER_GLOBAL_ACCENT_COLOR_NAME = AccentColor;
				CODE_SIGN_STYLE = Automatic;
				CURRENT_PROJECT_VERSION = 1;
				DEVELOPMENT_ASSET_PATHS = "\"WeatherAppAssg4/Preview Content\"";
				ENABLE_PREVIEWS = YES;
				GENERATE_INFOPLIST_FILE = YES;
				INFOPLIST_KEY_NSLocationAlwaysUsageDescription = "We need your location to show weather data.";
				INFOPLIST_KEY_NSLocationWhenInUseUsageDescription = "We need your location to show weather data.";
				INFOPLIST_KEY_UIApplicationSceneManifest_Generation = YES;
				INFOPLIST_KEY_UIApplicationSupportsIndirectInputEvents = YES;
				INFOPLIST_KEY_UILaunchScreen_Generation = YES;
				INFOPLIST_KEY_UISupportedInterfaceOrientations_iPad = "UIInterfaceOrientationPortrait UIInterfaceOrientationPortraitUpsideDown UIInterfaceOrientationLandscapeLeft UIInterfaceOrientationLandscapeRight";
				INFOPLIST_KEY_UISupportedInterfaceOrientations_iPhone = "UIInterfaceOrientationPortrait UIInterfaceOrientationLandscapeLeft UIInterfaceOrientationLandscapeRight";
				LD_RUNPATH_SEARCH_PATHS = (
					"$(inherited)",
					"@executable_path/Frameworks",
				);
				MARKETING_VERSION = 1.0;
				PRODUCT_BUNDLE_IDENTIFIER = com.webtech.WeatherAppAssg4.WeatherAppAssg4;
				PRODUCT_NAME = "$(TARGET_NAME)";
				SWIFT_EMIT_LOC_STRINGS = YES;
				SWIFT_VERSION = 5.0;
				TARGETED_DEVICE_FAMILY = "1,2";
			};
			name = Release;
		};
		D8E58D112CF29D29002C9E59 /* Debug */ = {
			isa = XCBuildConfiguration;
			buildSettings = {
				BUNDLE_LOADER = "$(TEST_HOST)";
				CODE_SIGN_STYLE = Automatic;
				CURRENT_PROJECT_VERSION = 1;
				GENERATE_INFOPLIST_FILE = YES;
				IPHONEOS_DEPLOYMENT_TARGET = 18.1;
				MARKETING_VERSION = 1.0;
				PRODUCT_BUNDLE_IDENTIFIER = com.webtech.WeatherAppAssg4.WeatherAppAssg4Tests;
				PRODUCT_NAME = "$(TARGET_NAME)";
				SWIFT_EMIT_LOC_STRINGS = NO;
				SWIFT_VERSION = 5.0;
				TARGETED_DEVICE_FAMILY = "1,2";
				TEST_HOST = "$(BUILT_PRODUCTS_DIR)/WeatherAppAssg4.app/$(BUNDLE_EXECUTABLE_FOLDER_PATH)/WeatherAppAssg4";
			};
			name = Debug;
		};
		D8E58D122CF29D29002C9E59 /* Release */ = {
			isa = XCBuildConfiguration;
			buildSettings = {
				BUNDLE_LOADER = "$(TEST_HOST)";
				CODE_SIGN_STYLE = Automatic;
				CURRENT_PROJECT_VERSION = 1;
				GENERATE_INFOPLIST_FILE = YES;
				IPHONEOS_DEPLOYMENT_TARGET = 18.1;
				MARKETING_VERSION = 1.0;
				PRODUCT_BUNDLE_IDENTIFIER = com.webtech.WeatherAppAssg4.WeatherAppAssg4Tests;
				PRODUCT_NAME = "$(TARGET_NAME)";
				SWIFT_EMIT_LOC_STRINGS = NO;
				SWIFT_VERSION = 5.0;
				TARGETED_DEVICE_FAMILY = "1,2";
				TEST_HOST = "$(BUILT_PRODUCTS_DIR)/WeatherAppAssg4.app/$(BUNDLE_EXECUTABLE_FOLDER_PATH)/WeatherAppAssg4";
			};
			name = Release;
		};
		D8E58D142CF29D29002C9E59 /* Debug */ = {
			isa = XCBuildConfiguration;
			buildSettings = {
				CODE_SIGN_STYLE = Automatic;
				CURRENT_PROJECT_VERSION = 1;
				GENERATE_INFOPLIST_FILE = YES;
				MARKETING_VERSION = 1.0;
				PRODUCT_BUNDLE_IDENTIFIER = com.webtech.WeatherAppAssg4.WeatherAppAssg4UITests;
				PRODUCT_NAME = "$(TARGET_NAME)";
				SWIFT_EMIT_LOC_STRINGS = NO;
				SWIFT_VERSION = 5.0;
				TARGETED_DEVICE_FAMILY = "1,2";
				TEST_TARGET_NAME = WeatherAppAssg4;
			};
			name = Debug;
		};
		D8E58D152CF29D29002C9E59 /* Release */ = {
			isa = XCBuildConfiguration;
			buildSettings = {
				CODE_SIGN_STYLE = Automatic;
				CURRENT_PROJECT_VERSION = 1;
				GENERATE_INFOPLIST_FILE = YES;
				MARKETING_VERSION = 1.0;
				PRODUCT_BUNDLE_IDENTIFIER = com.webtech.WeatherAppAssg4.WeatherAppAssg4UITests;
				PRODUCT_NAME = "$(TARGET_NAME)";
				SWIFT_EMIT_LOC_STRINGS = NO;
				SWIFT_VERSION = 5.0;
				TARGETED_DEVICE_FAMILY = "1,2";
				TEST_TARGET_NAME = WeatherAppAssg4;
			};
			name = Release;
		};
/* End XCBuildConfiguration section */

/* Begin XCConfigurationList section */
		D8E58CE42CF29D26002C9E59 /* Build configuration list for PBXProject "WeatherAppAssg4" */ = {
			isa = XCConfigurationList;
			buildConfigurations = (
				D8E58D0B2CF29D29002C9E59 /* Debug */,
				D8E58D0C2CF29D29002C9E59 /* Release */,
			);
			defaultConfigurationIsVisible = 0;
			defaultConfigurationName = Release;
		};
		D8E58D0D2CF29D29002C9E59 /* Build configuration list for PBXNativeTarget "WeatherAppAssg4" */ = {
			isa = XCConfigurationList;
			buildConfigurations = (
				D8E58D0E2CF29D29002C9E59 /* Debug */,
				D8E58D0F2CF29D29002C9E59 /* Release */,
			);
			defaultConfigurationIsVisible = 0;
			defaultConfigurationName = Release;
		};
		D8E58D102CF29D29002C9E59 /* Build configuration list for PBXNativeTarget "WeatherAppAssg4Tests" */ = {
			isa = XCConfigurationList;
			buildConfigurations = (
				D8E58D112CF29D29002C9E59 /* Debug */,
				D8E58D122CF29D29002C9E59 /* Release */,
			);
			defaultConfigurationIsVisible = 0;
			defaultConfigurationName = Release;
		};
		D8E58D132CF29D29002C9E59 /* Build configuration list for PBXNativeTarget "WeatherAppAssg4UITests" */ = {
			isa = XCConfigurationList;
			buildConfigurations = (
				D8E58D142CF29D29002C9E59 /* Debug */,
				D8E58D152CF29D29002C9E59 /* Release */,
			);
			defaultConfigurationIsVisible = 0;
			defaultConfigurationName = Release;
		};
/* End XCConfigurationList section */

/* Begin XCRemoteSwiftPackageReference section */
		D83D419D2D07D838004E34D7 /* XCRemoteSwiftPackageReference "highcharts-ios" */ = {
			isa = XCRemoteSwiftPackageReference;
			repositoryURL = "https://github.com/highcharts/highcharts-ios.git";
			requirement = {
				kind = exactVersion;
				version = 9.2.2;
			};
		};
		D83D41A02D07D8F1004E34D7 /* XCRemoteSwiftPackageReference "Alamofire" */ = {
			isa = XCRemoteSwiftPackageReference;
			repositoryURL = "https://github.com/Alamofire/Alamofire.git";
			requirement = {
				kind = upToNextMajorVersion;
				minimumVersion = 5.10.2;
			};
		};
		D8E58D1B2CF2CA07002C9E59 /* XCRemoteSwiftPackageReference "SwiftyJSON" */ = {
			isa = XCRemoteSwiftPackageReference;
			repositoryURL = "https://github.com/SwiftyJSON/SwiftyJSON";
			requirement = {
				kind = upToNextMajorVersion;
				minimumVersion = 5.0.2;
			};
		};
		D8EFCD152D092E910041F5A5 /* XCRemoteSwiftPackageReference "SwiftSpinner" */ = {
			isa = XCRemoteSwiftPackageReference;
			repositoryURL = "https://github.com/icanzilb/SwiftSpinner";
			requirement = {
				kind = upToNextMajorVersion;
				minimumVersion = 2.2.0;
			};
		};
/* End XCRemoteSwiftPackageReference section */

/* Begin XCSwiftPackageProductDependency section */
		D83D419E2D07D838004E34D7 /* Highcharts */ = {
			isa = XCSwiftPackageProductDependency;
			package = D83D419D2D07D838004E34D7 /* XCRemoteSwiftPackageReference "highcharts-ios" */;
			productName = Highcharts;
		};
		D83D41A12D07D8F1004E34D7 /* Alamofire */ = {
			isa = XCSwiftPackageProductDependency;
			package = D83D41A02D07D8F1004E34D7 /* XCRemoteSwiftPackageReference "Alamofire" */;
			productName = Alamofire;
		};
		D8E58D1C2CF2CA07002C9E59 /* SwiftyJSON */ = {
			isa = XCSwiftPackageProductDependency;
			package = D8E58D1B2CF2CA07002C9E59 /* XCRemoteSwiftPackageReference "SwiftyJSON" */;
			productName = SwiftyJSON;
		};
		D8EFCD162D092E910041F5A5 /* SwiftSpinner */ = {
			isa = XCSwiftPackageProductDependency;
			package = D8EFCD152D092E910041F5A5 /* XCRemoteSwiftPackageReference "SwiftSpinner" */;
			productName = SwiftSpinner;
		};
/* End XCSwiftPackageProductDependency section */
	};
	rootObject = D8E58CE12CF29D26002C9E59 /* Project object */;
}
